{
  "nodes": {
    "home-manager": {
      "inputs": {
        "nixpkgs": [
          "nixpkgs"
        ]
      },
      "locked": {
        "lastModified": 1773607598,
        "narHash": "sha256-nPV/IE0NwQjYcXkEGOmCIEsX9i8HFMeq2RupYzfVdiI=",
        "owner": "nix-community",
        "repo": "home-manager",
        "rev": "1f8f9e001235652cf54f9c1f7983f9c0e920944a",
        "type": "github"
      },
      "original": {
        "owner": "nix-community",
        "ref": "release-25.11",
        "repo": "home-manager",
        "type": "github"
      }
    },
    "nixos-config-private": {
      "flake": false,
      "locked": {
        "lastModified": 1768853680,
        "narHash": "sha256-8nbml9OkKMI2u0oGsl7hcq1co+NMmTt6nYodEu5IGMI=",
        "ref": "refs/heads/main",
        "rev": "eebf0b1e5863e17e7d080bf49c64a7fd2973a7a2",
        "revCount": 10,
        "type": "git",
        "url": "ssh://git@github.com/JulianGrabitzky/nixos-config-private.git"
      },
      "original": {
        "type": "git",
        "url": "ssh://git@github.com/JulianGrabitzky/nixos-config-private.git"
      }
    },
    "nixos-hardware": {
      "locked": {
        "lastModified": 1773533765,
        "narHash": "sha256-qonGfS2lzCgCl59Zl63jF6dIRRpvW3AJooBGMaXjHiY=",
        "owner": "NixOS",
        "repo": "nixos-hardware",
        "rev": "f8e82243fd601afb9f59ad230958bd073795cbfe",
        "type": "github"
      },
      "original": {
        "owner": "NixOS",
        "ref": "master",
        "repo": "nixos-hardware",
        "type": "github"
      }
    },
    "nixpkgs": {
      "locked": {
        "lastModified": 1773524153,
        "narHash": "sha256-Jms57zzlFf64ayKzzBWSE2SGvJmK+NGt8Gli71d9kmY=",
        "owner": "nixos",
        "repo": "nixpkgs",
        "rev": "e9f278faa1d0c2fc835bd331d4666b59b505a410",
        "type": "github"
      },
      "original": {
        "owner": "nixos",
        "ref": "nixos-25.11",
        "repo": "nixpkgs",
        "type": "github"
      }
    },
    "nixpkgs_2": {
      "locked": {
        "lastModified": 1772091128,
        "narHash": "sha256-TnrYykX8Mf/Ugtkix6V+PjW7miU2yClA6uqWl/v6KWM=",
        "owner": "NixOS",
        "repo": "nixpkgs",
        "rev": "3f0336406035444b4a24b942788334af5f906259",
        "type": "github"
      },
      "original": {
        "owner": "NixOS",
        "ref": "nixpkgs-unstable",
        "repo": "nixpkgs",
        "type": "github"
      }
    },
    "opencode-flake": {
      "inputs": {
        "nixpkgs": "nixpkgs_2"
      },
      "locked": {
        "lastModified": 1773586480,
        "narHash": "sha256-M4bvmkpfrwqeZ1HnGigcXMtMp6f/XjbI4ZR0jbbsEdE=",
        "owner": "anomalyco",
        "repo": "opencode",
        "rev": "9c006699275a1d2affd9ddb711afc0384e303379",
        "type": "github"
      },
      "original": {
        "owner": "anomalyco",
        "repo": "opencode",
        "type": "github"
      }
    },
    "root": {
      "inputs": {
        "home-manager": "home-manager",
        "nixos-config-private": "nixos-config-private",
        "nixos-hardware": "nixos-hardware",
        "nixpkgs": "nixpkgs",
        "opencode-flake": "opencode-flake"
      }
    }
  },
  "root": "root",
  "version": 7
}
